
Microsoft Visual Studio Solution File, Format Version 12.00
# Visual Studio Version 17
VisualStudioVersion = 17.0.31903.59
MinimumVisualStudioVersion = 10.0.40219.1
Project("{FAE04EC0-301F-11D3-BF4B-00C04F79EFBC}") = "TcpServer", "TcpServer\TcpServer.csproj", "{14DD9523-DB3C-4046-8E0F-491274B4255F}"
EndProject
Project("{FAE04EC0-301F-11D3-BF4B-00C04F79EFBC}") = "TcpClient", "TcpClient\TcpClient.csproj", "{3927EEF8-03CC-496B-94A7-F1179F4D2AE0}"
EndProject
Project("{FAE04EC0-301F-11D3-BF4B-00C04F79EFBC}") = "TcpMessageHandler", "TcpMessageHandler\TcpMessageHandler.csproj", "{7E4EA676-1F8D-4E7A-A098-9E915E51B052}"
EndProject
Global
	GlobalSection(SolutionConfigurationPlatforms) = preSolution
		Debug|Any CPU = Debug|Any CPU
		Release|Any CPU = Release|Any CPU
	EndGlobalSection
	GlobalSection(SolutionProperties) = preSolution
		HideSolutionNode = FALSE
	EndGlobalSection
	GlobalSection(ProjectConfigurationPlatforms) = postSolution
		{14DD9523-DB3C-4046-8E0F-491274B4255F}.Debug|Any CPU.ActiveCfg = Debug|Any CPU
		{14DD9523-DB3C-4046-8E0F-491274B4255F}.Debug|Any CPU.Build.0 = Debug|Any CPU
		{14DD9523-DB3C-4046-8E0F-491274B4255F}.Release|Any CPU.ActiveCfg = Release|Any CPU
		{14DD9523-DB3C-4046-8E0F-491274B4255F}.Release|Any CPU.Build.0 = Release|Any CPU
		{3927EEF8-03CC-496B-94A7-F1179F4D2AE0}.Debug|Any CPU.ActiveCfg = Debug|Any CPU
		{3927EEF8-03CC-496B-94A7-F1179F4D2AE0}.Debug|Any CPU.Build.0 = Debug|Any CPU
		{3927EEF8-03CC-496B-94A7-F1179F4D2AE0}.Release|Any CPU.ActiveCfg = Release|Any CPU
		{3927EEF8-03CC-496B-94A7-F1179F4D2AE0}.Release|Any CPU.Build.0 = Release|Any CPU
		{7E4EA676-1F8D-4E7A-A098-9E915E51B052}.Debug|Any CPU.ActiveCfg = Debug|Any CPU
		{7E4EA676-1F8D-4E7A-A098-9E915E51B052}.Debug|Any CPU.Build.0 = Debug|Any CPU
		{7E4EA676-1F8D-4E7A-A098-9E915E51B052}.Release|Any CPU.ActiveCfg = Release|Any CPU
		{7E4EA676-1F8D-4E7A-A098-9E915E51B052}.Release|Any CPU.Build.0 = Release|Any CPU
	EndGlobalSection
EndGlobal
